
Microsoft Visual Studio Solution File, Format Version 12.00
Project("{FAE04EC0-301F-11D3-BF4B-00C04F79EFBC}") = "RoboMovel", "RoboMovel\RoboMovel.csproj", "{3998F2C2-984B-4142-B22B-E4A5D750F523}"
EndProject
Global
	GlobalSection(SolutionConfigurationPlatforms) = preSolution
		Debug|Any CPU = Debug|Any CPU
		Release|Any CPU = Release|Any CPU
	EndGlobalSection
	GlobalSection(ProjectConfigurationPlatforms) = postSolution
		{3998F2C2-984B-4142-B22B-E4A5D750F523}.Debug|Any CPU.ActiveCfg = Debug|Any CPU
		{3998F2C2-984B-4142-B22B-E4A5D750F523}.Debug|Any CPU.Build.0 = Debug|Any CPU
		{3998F2C2-984B-4142-B22B-E4A5D750F523}.Release|Any CPU.ActiveCfg = Release|Any CPU
		{3998F2C2-984B-4142-B22B-E4A5D750F523}.Release|Any CPU.Build.0 = Release|Any CPU
	EndGlobalSection
EndGlobal
